{
  "requires": true,
  "lockfileVersion": 1,
  "dependencies": {
    "crypto": {
      "version": "0.0.3",
      "resolved": "https://registry.npmjs.org/crypto/-/crypto-0.0.3.tgz",
      "integrity": "sha1-RwqBuGvkxe4XrMggeh9TFa4g27A="
    },
    "probability-distributions": {
      "version": "0.9.1",
      "resolved": "https://registry.npmjs.org/probability-distributions/-/probability-distributions-0.9.1.tgz",
      "integrity": "sha1-xonI1iFzuygaCZnpgmOsx2pijlU=",
      "requires": {
        "crypto": "0.0.3"
      }
    }
  }
}
